
Microsoft Visual Studio Solution File, Format Version 12.00
# Visual Studio Version 17
VisualStudioVersion = 17.5.33530.505
MinimumVisualStudioVersion = 10.0.40219.1
Project("{2150E333-8FDC-42A3-9474-1A3956D46DE8}") = "Src", "Src", "{3B207FBF-472A-47F6-A080-86E2D4582FC5}"
EndProject
Project("{2150E333-8FDC-42A3-9474-1A3956D46DE8}") = "Application", "Application", "{F768D5A3-1FAC-4EAB-9EC2-3194E28AFFE2}"
EndProject
Project("{2150E333-8FDC-42A3-9474-1A3956D46DE8}") = "Domain", "Domain", "{C0BF4B7B-921F-4960-AB45-3DC197ACD03E}"
EndProject
Project("{2150E333-8FDC-42A3-9474-1A3956D46DE8}") = "Infrastructure", "Infrastructure", "{831189D9-16B0-4970-A7C4-91678B681618}"
EndProject
Project("{2150E333-8FDC-42A3-9474-1A3956D46DE8}") = "Service", "Service", "{FFF75AAB-E309-491B-ABC6-4467F371D06D}"
EndProject
Project("{FAE04EC0-301F-11D3-BF4B-00C04F79EFBC}") = "Domain", "Domain\Domain.csproj", "{8C9350D1-EB0F-495F-8DD6-5F73F07AE037}"
EndProject
Project("{2150E333-8FDC-42A3-9474-1A3956D46DE8}") = "CrossCutting", "CrossCutting", "{39164E83-30B4-49B0-A83E-C926A2F53391}"
EndProject
Project("{2150E333-8FDC-42A3-9474-1A3956D46DE8}") = "Data", "Data", "{E6AD981E-E7ED-4BB5-AC2A-CC5D1F297042}"
EndProject
Project("{FAE04EC0-301F-11D3-BF4B-00C04F79EFBC}") = "CrossCutting", "CrossCutting\CrossCutting.csproj", "{9530CE71-41F7-45DB-8E4D-3F7CDCD76B32}"
EndProject
Project("{FAE04EC0-301F-11D3-BF4B-00C04F79EFBC}") = "Data", "Data\Data.csproj", "{A01DC2A8-A5E9-48CE-AE05-338BE0486205}"
EndProject
Project("{FAE04EC0-301F-11D3-BF4B-00C04F79EFBC}") = "Service", "Service\Service.csproj", "{96F32A42-54F5-4336-B2B0-614D974EBAF4}"
EndProject
Project("{FAE04EC0-301F-11D3-BF4B-00C04F79EFBC}") = "WebApiSpeedCars", "WebApiSpeedCars\WebApiSpeedCars.csproj", "{C7C23B32-1094-41D8-93F8-C059041E8AD9}"
EndProject
Global
	GlobalSection(SolutionConfigurationPlatforms) = preSolution
		Debug|Any CPU = Debug|Any CPU
		Release|Any CPU = Release|Any CPU
	EndGlobalSection
	GlobalSection(ProjectConfigurationPlatforms) = postSolution
		{8C9350D1-EB0F-495F-8DD6-5F73F07AE037}.Debug|Any CPU.ActiveCfg = Debug|Any CPU
		{8C9350D1-EB0F-495F-8DD6-5F73F07AE037}.Debug|Any CPU.Build.0 = Debug|Any CPU
		{8C9350D1-EB0F-495F-8DD6-5F73F07AE037}.Release|Any CPU.ActiveCfg = Release|Any CPU
		{8C9350D1-EB0F-495F-8DD6-5F73F07AE037}.Release|Any CPU.Build.0 = Release|Any CPU
		{9530CE71-41F7-45DB-8E4D-3F7CDCD76B32}.Debug|Any CPU.ActiveCfg = Debug|Any CPU
		{9530CE71-41F7-45DB-8E4D-3F7CDCD76B32}.Debug|Any CPU.Build.0 = Debug|Any CPU
		{9530CE71-41F7-45DB-8E4D-3F7CDCD76B32}.Release|Any CPU.ActiveCfg = Release|Any CPU
		{9530CE71-41F7-45DB-8E4D-3F7CDCD76B32}.Release|Any CPU.Build.0 = Release|Any CPU
		{A01DC2A8-A5E9-48CE-AE05-338BE0486205}.Debug|Any CPU.ActiveCfg = Debug|Any CPU
		{A01DC2A8-A5E9-48CE-AE05-338BE0486205}.Debug|Any CPU.Build.0 = Debug|Any CPU
		{A01DC2A8-A5E9-48CE-AE05-338BE0486205}.Release|Any CPU.ActiveCfg = Release|Any CPU
		{A01DC2A8-A5E9-48CE-AE05-338BE0486205}.Release|Any CPU.Build.0 = Release|Any CPU
		{96F32A42-54F5-4336-B2B0-614D974EBAF4}.Debug|Any CPU.ActiveCfg = Debug|Any CPU
		{96F32A42-54F5-4336-B2B0-614D974EBAF4}.Debug|Any CPU.Build.0 = Debug|Any CPU
		{96F32A42-54F5-4336-B2B0-614D974EBAF4}.Release|Any CPU.ActiveCfg = Release|Any CPU
		{96F32A42-54F5-4336-B2B0-614D974EBAF4}.Release|Any CPU.Build.0 = Release|Any CPU
		{C7C23B32-1094-41D8-93F8-C059041E8AD9}.Debug|Any CPU.ActiveCfg = Debug|Any CPU
		{C7C23B32-1094-41D8-93F8-C059041E8AD9}.Debug|Any CPU.Build.0 = Debug|Any CPU
		{C7C23B32-1094-41D8-93F8-C059041E8AD9}.Release|Any CPU.ActiveCfg = Release|Any CPU
		{C7C23B32-1094-41D8-93F8-C059041E8AD9}.Release|Any CPU.Build.0 = Release|Any CPU
	EndGlobalSection
	GlobalSection(SolutionProperties) = preSolution
		HideSolutionNode = FALSE
	EndGlobalSection
	GlobalSection(NestedProjects) = preSolution
		{F768D5A3-1FAC-4EAB-9EC2-3194E28AFFE2} = {3B207FBF-472A-47F6-A080-86E2D4582FC5}
		{C0BF4B7B-921F-4960-AB45-3DC197ACD03E} = {3B207FBF-472A-47F6-A080-86E2D4582FC5}
		{831189D9-16B0-4970-A7C4-91678B681618} = {3B207FBF-472A-47F6-A080-86E2D4582FC5}
		{FFF75AAB-E309-491B-ABC6-4467F371D06D} = {3B207FBF-472A-47F6-A080-86E2D4582FC5}
		{8C9350D1-EB0F-495F-8DD6-5F73F07AE037} = {C0BF4B7B-921F-4960-AB45-3DC197ACD03E}
		{39164E83-30B4-49B0-A83E-C926A2F53391} = {831189D9-16B0-4970-A7C4-91678B681618}
		{E6AD981E-E7ED-4BB5-AC2A-CC5D1F297042} = {831189D9-16B0-4970-A7C4-91678B681618}
		{9530CE71-41F7-45DB-8E4D-3F7CDCD76B32} = {39164E83-30B4-49B0-A83E-C926A2F53391}
		{A01DC2A8-A5E9-48CE-AE05-338BE0486205} = {E6AD981E-E7ED-4BB5-AC2A-CC5D1F297042}
		{96F32A42-54F5-4336-B2B0-614D974EBAF4} = {FFF75AAB-E309-491B-ABC6-4467F371D06D}
		{C7C23B32-1094-41D8-93F8-C059041E8AD9} = {F768D5A3-1FAC-4EAB-9EC2-3194E28AFFE2}
	EndGlobalSection
	GlobalSection(ExtensibilityGlobals) = postSolution
		SolutionGuid = {380828F1-4E2C-4376-8CBF-ED84019B8D62}
	EndGlobalSection
EndGlobal
